<?xml version="1.0" encoding="utf-8"?>
<Project ToolsVersion="4.0" xmlns="http://schemas.microsoft.com/developer/msbuild/2003">
  <ItemGroup>
    <ClCompile Include="frmCuestionarios.cpp" />
    <ClCompile Include="CalendarForm.cpp" />
    <ClCompile Include="frmLayout.cpp" />
    <ClCompile Include="frmMantTareas.cpp" />
    <ClCompile Include="frmMantUsuario.cpp" />
    <ClCompile Include="frmMantUsuario1.cpp" />
    <ClCompile Include="frmMeetings.cpp" />
    <ClCompile Include="frmNotifications.cpp" />
    <ClCompile Include="frmRegistro.cpp" />
    <ClCompile Include="frmTalleres.cpp" />
    <ClCompile Include="frmTasks.cpp" />
    <ClCompile Include="Header.cpp" />
    <ClCompile Include="LoginForm.cpp" />
    <ClCompile Include="ManagerComponentForm.cpp" />
    <ClCompile Include="RecoveryPasswordForm.cpp" />
    <ClCompile Include="SignForm.cpp" />
    <ClCompile Include="frmProfile.cpp" />
  </ItemGroup>
  <ItemGroup>
    <ClInclude Include="frmCuestionarios.h" />
    <ClInclude Include="CalendarForm.h" />
    <ClInclude Include="frmLayout.h" />
    <ClInclude Include="frmMantTareas.h" />
    <ClInclude Include="frmMantUsuario.h" />
    <ClInclude Include="frmMantUsuario1.h" />
    <ClInclude Include="frmMeetings.h" />
    <ClInclude Include="frmNotifications.h" />
    <ClInclude Include="frmRegistro.h" />
    <ClInclude Include="Header.h" />
    <ClInclude Include="LoginForm.h" />
    <ClInclude Include="ManagerComponentForm.h" />
    <ClInclude Include="RecoveryPasswordForm.h" />
    <ClInclude Include="SignForm.h" />
    <ClInclude Include="frmTalleres.h" />
    <ClInclude Include="frmTasks.h" />
    <ClInclude Include="frmProfile.h" />
    <ClCompile Include="SignForm.cpp">
      <Filter>Archivos de origen</Filter>
    </ClCompile>
    <ClCompile Include="LoginForm.cpp">
      <Filter>Archivos de origen</Filter>
    </ClCompile>
    <ClCompile Include="ManagerComponentForm.cpp">
      <Filter>Archivos de origen</Filter>
    </ClCompile>
    <ClCompile Include="RecoveryPasswordForm.cpp">
      <Filter>Archivos de origen</Filter>
    </ClCompile>
    <ClCompile Include="frmLayout.cpp">
      <Filter>Archivos de origen</Filter>
    </ClCompile>
    <ClCompile Include="frmTasks.cpp">
      <Filter>Archivos de encabezado</Filter>
    </ClCompile>
    <ClCompile Include="frmMeetings.cpp">
      <Filter>Archivos de origen</Filter>
    </ClCompile>
    <ClCompile Include="frmTalleres.cpp">
      <Filter>Archivos de origen</Filter>
    </ClCompile>
    <ClCompile Include="frmMantUsuario.cpp">
      <Filter>Archivos de origen</Filter>
    </ClCompile>
    <ClCompile Include="frmMantTareas.cpp">
    <ClCompile Include="CalendarForm.cpp">
      <Filter>Archivos de origen</Filter>
    </ClCompile>
    <ClCompile Include="Header.cpp">
    <ClCompile Include="Antony.cpp">
      <Filter>Archivos de origen</Filter>
    </ClCompile>
  </ItemGroup>
  <ItemGroup>
    <ClInclude Include="SignForm.h">
      <Filter>Archivos de encabezado</Filter>
    </ClInclude>
    <ClInclude Include="LoginForm.h">
      <Filter>Archivos de encabezado</Filter>
    </ClInclude>
    <ClInclude Include="ManagerComponentForm.h">
      <Filter>Archivos de encabezado</Filter>
    </ClInclude>
    <ClInclude Include="RecoveryPasswordForm.h">
      <Filter>Archivos de encabezado</Filter>
    </ClInclude>
    <ClInclude Include="frmLayout.h">
      <Filter>Archivos de encabezado</Filter>
    </ClInclude>
    <ClInclude Include="frmTasks.h">
      <Filter>Archivos de encabezado</Filter>
    </ClInclude>
    <ClInclude Include="frmMeetings.h">
      <Filter>Archivos de encabezado</Filter>
    </ClInclude>
    <ClInclude Include="frmTalleres.h">
      <Filter>Archivos de encabezado</Filter>
    </ClInclude>
    <ClInclude Include="frmMantUsuario.h">
      <Filter>Archivos de encabezado</Filter>
    </ClInclude>
    <ClInclude Include="frmMantTareas.h">
    <ClInclude Include="CalendarForm.h">
      <Filter>Archivos de encabezado</Filter>
    </ClInclude>
    <ClInclude Include="Header.h">
    <ClInclude Include="Antony.h">
      <Filter>Archivos de encabezado</Filter>
    </ClInclude>
  </ItemGroup>
</Project>